// !$*UTF8*$!
{
	archiveVersion = 1;
	classes = {
	};
	objectVersion = 46;
	objects = {

/* Begin PBXBuildFile section */
		39036F371BF4D186005326A7 /* File.swift in Sources */ = {isa = PBXBuildFile; fileRef = 39036F361BF4D186005326A7 /* File.swift */; };
		39036F391BF4E3DE005326A7 /* PhraseMatcher.swift in Sources */ = {isa = PBXBuildFile; fileRef = 39036F381BF4E3DE005326A7 /* PhraseMatcher.swift */; };
		39036F3D1BF51FDE005326A7 /* RhymeMatcher.swift in Sources */ = {isa = PBXBuildFile; fileRef = 39036F3C1BF51FDE005326A7 /* RhymeMatcher.swift */; };
		392593F61BE6B1B000AE9CC3 /* Rhyme.swift in Sources */ = {isa = PBXBuildFile; fileRef = 392593F51BE6B1B000AE9CC3 /* Rhyme.swift */; };
		39C4B55F1BED440D00D60D88 /* RhymeFetcher.swift in Sources */ = {isa = PBXBuildFile; fileRef = 39C4B55E1BED440D00D60D88 /* RhymeFetcher.swift */; };
		39C4B5611BED45ED00D60D88 /* JSONParser.swift in Sources */ = {isa = PBXBuildFile; fileRef = 39C4B5601BED45ED00D60D88 /* JSONParser.swift */; };
		39DEAEA51BFEA8B30070C939 /* Pun.swift in Sources */ = {isa = PBXBuildFile; fileRef = 39DEAEA41BFEA8B30070C939 /* Pun.swift */; };
		39E2BBF91BE6687200C80489 /* main.swift in Sources */ = {isa = PBXBuildFile; fileRef = 39E2BBF81BE6687200C80489 /* main.swift */; };
/* End PBXBuildFile section */

/* Begin PBXCopyFilesBuildPhase section */
		39E2BBF31BE6687200C80489 /* CopyFiles */ = {
			isa = PBXCopyFilesBuildPhase;
			buildActionMask = 2147483647;
			dstPath = /usr/share/man/man1/;
			dstSubfolderSpec = 0;
			files = (
			);
			runOnlyForDeploymentPostprocessing = 1;
		};
/* End PBXCopyFilesBuildPhase section */

/* Begin PBXFileReference section */
		39036F361BF4D186005326A7 /* File.swift */ = {isa = PBXFileReference; fileEncoding = 4; lastKnownFileType = sourcecode.swift; path = File.swift; sourceTree = "<group>"; };
		39036F381BF4E3DE005326A7 /* PhraseMatcher.swift */ = {isa = PBXFileReference; fileEncoding = 4; lastKnownFileType = sourcecode.swift; path = PhraseMatcher.swift; sourceTree = "<group>"; };
		39036F3C1BF51FDE005326A7 /* RhymeMatcher.swift */ = {isa = PBXFileReference; fileEncoding = 4; lastKnownFileType = sourcecode.swift; path = RhymeMatcher.swift; sourceTree = "<group>"; };
		392593F51BE6B1B000AE9CC3 /* Rhyme.swift */ = {isa = PBXFileReference; fileEncoding = 4; lastKnownFileType = sourcecode.swift; path = Rhyme.swift; sourceTree = "<group>"; };
		39C4B55E1BED440D00D60D88 /* RhymeFetcher.swift */ = {isa = PBXFileReference; fileEncoding = 4; lastKnownFileType = sourcecode.swift; path = RhymeFetcher.swift; sourceTree = "<group>"; };
		39C4B5601BED45ED00D60D88 /* JSONParser.swift */ = {isa = PBXFileReference; fileEncoding = 4; lastKnownFileType = sourcecode.swift; path = JSONParser.swift; sourceTree = "<group>"; };
		39DEAEA41BFEA8B30070C939 /* Pun.swift */ = {isa = PBXFileReference; fileEncoding = 4; lastKnownFileType = sourcecode.swift; path = Pun.swift; sourceTree = "<group>"; };
		39E2BBF51BE6687200C80489 /* puns */ = {isa = PBXFileReference; explicitFileType = "compiled.mach-o.executable"; includeInIndex = 0; path = puns; sourceTree = BUILT_PRODUCTS_DIR; };
		39E2BBF81BE6687200C80489 /* main.swift */ = {isa = PBXFileReference; lastKnownFileType = sourcecode.swift; path = main.swift; sourceTree = "<group>"; };
/* End PBXFileReference section */

/* Begin PBXFrameworksBuildPhase section */
		39E2BBF21BE6687200C80489 /* Frameworks */ = {
			isa = PBXFrameworksBuildPhase;
			buildActionMask = 2147483647;
			files = (
			);
			runOnlyForDeploymentPostprocessing = 0;
		};
/* End PBXFrameworksBuildPhase section */

/* Begin PBXGroup section */
		39E2BBEC1BE6687200C80489 = {
			isa = PBXGroup;
			children = (
				39E2BBF71BE6687200C80489 /* puns */,
				39E2BBF61BE6687200C80489 /* Products */,
			);
			sourceTree = "<group>";
		};
		39E2BBF61BE6687200C80489 /* Products */ = {
			isa = PBXGroup;
			children = (
				39E2BBF51BE6687200C80489 /* puns */,
			);
			name = Products;
			sourceTree = "<group>";
		};
		39E2BBF71BE6687200C80489 /* puns */ = {
			isa = PBXGroup;
			children = (
				39E2BBF81BE6687200C80489 /* main.swift */,
				39DEAEA41BFEA8B30070C939 /* Pun.swift */,
				39036F3C1BF51FDE005326A7 /* RhymeMatcher.swift */,
				39C4B5601BED45ED00D60D88 /* JSONParser.swift */,
				392593F51BE6B1B000AE9CC3 /* Rhyme.swift */,
				39C4B55E1BED440D00D60D88 /* RhymeFetcher.swift */,
				39036F361BF4D186005326A7 /* File.swift */,
				39036F381BF4E3DE005326A7 /* PhraseMatcher.swift */,
			);
			path = puns;
			sourceTree = "<group>";
		};
/* End PBXGroup section */

/* Begin PBXNativeTarget section */
		39E2BBF41BE6687200C80489 /* puns */ = {
			isa = PBXNativeTarget;
			buildConfigurationList = 39E2BBFC1BE6687200C80489 /* Build configuration list for PBXNativeTarget "puns" */;
			buildPhases = (
				39E2BBF11BE6687200C80489 /* Sources */,
				39E2BBF21BE6687200C80489 /* Frameworks */,
				39E2BBF31BE6687200C80489 /* CopyFiles */,
			);
			buildRules = (
			);
			dependencies = (
			);
			name = puns;
			productName = puns;
			productReference = 39E2BBF51BE6687200C80489 /* puns */;
			productType = "com.apple.product-type.tool";
		};
/* End PBXNativeTarget section */

/* Begin PBXProject section */
		39E2BBED1BE6687200C80489 /* Project object */ = {
			isa = PBXProject;
			attributes = {
				LastSwiftUpdateCheck = 0710;
				LastUpgradeCheck = 0710;
				ORGANIZATIONNAME = "Edward Loveall";
				TargetAttributes = {
					39E2BBF41BE6687200C80489 = {
						CreatedOnToolsVersion = 7.1;
					};
				};
			};
			buildConfigurationList = 39E2BBF01BE6687200C80489 /* Build configuration list for PBXProject "puns" */;
			compatibilityVersion = "Xcode 3.2";
			developmentRegion = English;
			hasScannedForEncodings = 0;
			knownRegions = (
				en,
			);
			mainGroup = 39E2BBEC1BE6687200C80489;
			productRefGroup = 39E2BBF61BE6687200C80489 /* Products */;
			projectDirPath = "";
			projectRoot = "";
			targets = (
				39E2BBF41BE6687200C80489 /* puns */,
			);
		};
/* End PBXProject section */

/* Begin PBXSourcesBuildPhase section */
		39E2BBF11BE6687200C80489 /* Sources */ = {
			isa = PBXSourcesBuildPhase;
			buildActionMask = 2147483647;
			files = (
				39036F371BF4D186005326A7 /* File.swift in Sources */,
				39C4B55F1BED440D00D60D88 /* RhymeFetcher.swift in Sources */,
				39E2BBF91BE6687200C80489 /* main.swift in Sources */,
				39036F3D1BF51FDE005326A7 /* RhymeMatcher.swift in Sources */,
				39C4B5611BED45ED00D60D88 /* JSONParser.swift in Sources */,
				39DEAEA51BFEA8B30070C939 /* Pun.swift in Sources */,
				392593F61BE6B1B000AE9CC3 /* Rhyme.swift in Sources */,
				39036F391BF4E3DE005326A7 /* PhraseMatcher.swift in Sources */,
			);
			runOnlyForDeploymentPostprocessing = 0;
		};
/* End PBXSourcesBuildPhase section */

/* Begin XCBuildConfiguration section */
		39E2BBFA1BE6687200C80489 /* Debug */ = {
			isa = XCBuildConfiguration;
			buildSettings = {
				ALWAYS_SEARCH_USER_PATHS = NO;
				CLANG_CXX_LANGUAGE_STANDARD = "gnu++0x";
				CLANG_CXX_LIBRARY = "libc++";
				CLANG_ENABLE_MODULES = YES;
				CLANG_ENABLE_OBJC_ARC = YES;
				CLANG_WARN_BOOL_CONVERSION = YES;
				CLANG_WARN_CONSTANT_CONVERSION = YES;
				CLANG_WARN_DIRECT_OBJC_ISA_USAGE = YES_ERROR;
				CLANG_WARN_EMPTY_BODY = YES;
				CLANG_WARN_ENUM_CONVERSION = YES;
				CLANG_WARN_INT_CONVERSION = YES;
				CLANG_WARN_OBJC_ROOT_CLASS = YES_ERROR;
				CLANG_WARN_UNREACHABLE_CODE = YES;
				CLANG_WARN__DUPLICATE_METHOD_MATCH = YES;
				CODE_SIGN_IDENTITY = "-";
				COPY_PHASE_STRIP = NO;
				DEBUG_INFORMATION_FORMAT = dwarf;
				ENABLE_STRICT_OBJC_MSGSEND = YES;
				ENABLE_TESTABILITY = YES;
				GCC_C_LANGUAGE_STANDARD = gnu99;
				GCC_DYNAMIC_NO_PIC = NO;
				GCC_NO_COMMON_BLOCKS = YES;
				GCC_OPTIMIZATION_LEVEL = 0;
				GCC_PREPROCESSOR_DEFINITIONS = (
					"DEBUG=1",
					"$(inherited)",
				);
				GCC_WARN_64_TO_32_BIT_CONVERSION = YES;
				GCC_WARN_ABOUT_RETURN_TYPE = YES_ERROR;
				GCC_WARN_UNDECLARED_SELECTOR = YES;
				GCC_WARN_UNINITIALIZED_AUTOS = YES_AGGRESSIVE;
				GCC_WARN_UNUSED_FUNCTION = YES;
				GCC_WARN_UNUSED_VARIABLE = YES;
				MACOSX_DEPLOYMENT_TARGET = 10.11;
				MTL_ENABLE_DEBUG_INFO = YES;
				ONLY_ACTIVE_ARCH = YES;
				SDKROOT = macosx;
				SWIFT_OPTIMIZATION_LEVEL = "-Onone";
			};
			name = Debug;
		};
		39E2BBFB1BE6687200C80489 /* Release */ = {
			isa = XCBuildConfiguration;
			buildSettings = {
				ALWAYS_SEARCH_USER_PATHS = NO;
				CLANG_CXX_LANGUAGE_STANDARD = "gnu++0x";
				CLANG_CXX_LIBRARY = "libc++";
				CLANG_ENABLE_MODULES = YES;
				CLANG_ENABLE_OBJC_ARC = YES;
				CLANG_WARN_BOOL_CONVERSION = YES;
				CLANG_WARN_CONSTANT_CONVERSION = YES;
				CLANG_WARN_DIRECT_OBJC_ISA_USAGE = YES_ERROR;
				CLANG_WARN_EMPTY_BODY = YES;
				CLANG_WARN_ENUM_CONVERSION = YES;
				CLANG_WARN_INT_CONVERSION = YES;
				CLANG_WARN_OBJC_ROOT_CLASS = YES_ERROR;
				CLANG_WARN_UNREACHABLE_CODE = YES;
				CLANG_WARN__DUPLICATE_METHOD_MATCH = YES;
				CODE_SIGN_IDENTITY = "-";
				COPY_PHASE_STRIP = NO;
				DEBUG_INFORMATION_FORMAT = "dwarf-with-dsym";
				ENABLE_NS_ASSERTIONS = NO;
				ENABLE_STRICT_OBJC_MSGSEND = YES;
				GCC_C_LANGUAGE_STANDARD = gnu99;
				GCC_NO_COMMON_BLOCKS = YES;
				GCC_WARN_64_TO_32_BIT_CONVERSION = YES;
				GCC_WARN_ABOUT_RETURN_TYPE = YES_ERROR;
				GCC_WARN_UNDECLARED_SELECTOR = YES;
				GCC_WARN_UNINITIALIZED_AUTOS = YES_AGGRESSIVE;
				GCC_WARN_UNUSED_FUNCTION = YES;
				GCC_WARN_UNUSED_VARIABLE = YES;
				MACOSX_DEPLOYMENT_TARGET = 10.11;
				MTL_ENABLE_DEBUG_INFO = NO;
				SDKROOT = macosx;
			};
			name = Release;
		};
		39E2BBFD1BE6687200C80489 /* Debug */ = {
			isa = XCBuildConfiguration;
			buildSettings = {
				PRODUCT_NAME = "$(TARGET_NAME)";
			};
			name = Debug;
		};
		39E2BBFE1BE6687200C80489 /* Release */ = {
			isa = XCBuildConfiguration;
			buildSettings = {
				PRODUCT_NAME = "$(TARGET_NAME)";
			};
			name = Release;
		};
/* End XCBuildConfiguration section */

/* Begin XCConfigurationList section */
		39E2BBF01BE6687200C80489 /* Build configuration list for PBXProject "puns" */ = {
			isa = XCConfigurationList;
			buildConfigurations = (
				39E2BBFA1BE6687200C80489 /* Debug */,
				39E2BBFB1BE6687200C80489 /* Release */,
			);
			defaultConfigurationIsVisible = 0;
			defaultConfigurationName = Release;
		};
		39E2BBFC1BE6687200C80489 /* Build configuration list for PBXNativeTarget "puns" */ = {
			isa = XCConfigurationList;
			buildConfigurations = (
				39E2BBFD1BE6687200C80489 /* Debug */,
				39E2BBFE1BE6687200C80489 /* Release */,
			);
			defaultConfigurationIsVisible = 0;
			defaultConfigurationName = Release;
		};
/* End XCConfigurationList section */
	};
	rootObject = 39E2BBED1BE6687200C80489 /* Project object */;
}
